hash: fdf5967c65098f272da67de885fd48f068e902b2ec9ca1b69e5d5c6673ea50b1
updated: 2016-11-28T13:14:20.061672513Z
imports:
- name: github.com/aws/aws-sdk-go
  version: 4a6ff995f57ee4f8994db17ae83f01a9c9cc2274
  subpackages:
  - aws
  - aws/awserr
  - aws/awsutil
  - aws/client
  - aws/client/metadata
  - aws/corehandlers
  - aws/credentials
  - aws/credentials/ec2rolecreds
  - aws/credentials/endpointcreds
  - aws/credentials/stscreds
  - aws/defaults
  - aws/ec2metadata
  - aws/request
  - aws/session
  - aws/signer/v4
  - private/endpoints
  - private/protocol
  - private/protocol/json/jsonutil
  - private/protocol/jsonrpc
  - private/protocol/query
  - private/protocol/query/queryutil
  - private/protocol/rest
  - private/protocol/xml/xmlutil
  - private/waiter
  - service/dynamodb
  - service/dynamodb/dynamodbiface
  - service/kms
  - service/sqs
  - service/sqs/sqsiface
  - service/sts
- name: github.com/go-ini/ini
  version: a2610b3a793cfa7fdf0b07038068af5ddc12aba1
- name: github.com/jmespath/go-jmespath
  version: bd40a432e4c76585ef6b72d3fd96fb9b6dc7b68d
- name: github.com/vidsy/backoff
  version: 715d207c270e1f65b2fa8f9997463555123bb46a
- name: github.com/vidsy/kmsconfig
  version: 61f97a187cb2896cd86b7ec91f8b1153b2527f90
testImports: []
