hash: 0e019f49271c63be205c61b4d869171999943c0891a14f6d775bca42242595d8
updated: 2017-09-12T11:22:14.282749095+01:00
imports:
- name: github.com/aws/aws-sdk-go
  version: 49cd7b4cfcfcae1eb815db0a9139f07340bf49c8
  subpackages:
  - aws
  - aws/awserr
  - aws/awsutil
  - aws/client
  - aws/client/metadata
  - aws/corehandlers
  - aws/credentials
  - aws/credentials/ec2rolecreds
  - aws/credentials/endpointcreds
  - aws/credentials/stscreds
  - aws/defaults
  - aws/ec2metadata
  - aws/endpoints
  - aws/request
  - aws/session
  - aws/signer/v4
  - internal/shareddefaults
  - private/protocol
  - private/protocol/json/jsonutil
  - private/protocol/jsonrpc
  - private/protocol/query
  - private/protocol/query/queryutil
  - private/protocol/rest
  - private/protocol/restjson
  - private/protocol/restxml
  - private/protocol/xml/xmlutil
  - service/dynamodb
  - service/dynamodb/dynamodbiface
  - service/elastictranscoder
  - service/elastictranscoder/elastictranscoderiface
  - service/kms
  - service/kms/kmsiface
  - service/s3
  - service/s3/s3iface
  - service/ses
  - service/ses/sesiface
  - service/sns
  - service/sns/snsiface
  - service/sqs
  - service/sqs/sqsiface
  - service/sts
- name: github.com/go-ini/ini
  version: a2610b3a793cfa7fdf0b07038068af5ddc12aba1
- name: github.com/jmespath/go-jmespath
  version: bd40a432e4c76585ef6b72d3fd96fb9b6dc7b68d
- name: github.com/vidsy/backoff
  version: 715d207c270e1f65b2fa8f9997463555123bb46a
- name: github.com/vidsy/kmsconfig
  version: 61f97a187cb2896cd86b7ec91f8b1153b2527f90
testImports:
- name: github.com/davecgh/go-spew
  version: 6d212800a42e8ab5c146b8ace3490ee17e5225f9
  subpackages:
  - spew
- name: github.com/pmezard/go-difflib
  version: d8ed2627bdf02c080bf22230dbb337003b7aba2d
  subpackages:
  - difflib
- name: github.com/stretchr/testify
  version: 69483b4bd14f5845b5a1e55bca19e954e827f1d0
  subpackages:
  - assert
