# This file is autogenerated, do not edit; changes may be undone by the next 'dep ensure'.


[[projects]]
  name = "github.com/aws/aws-sdk-go"
  packages = [
    "aws",
    "aws/awserr",
    "aws/awsutil",
    "aws/client",
    "aws/client/metadata",
    "aws/corehandlers",
    "aws/credentials",
    "aws/credentials/ec2rolecreds",
    "aws/credentials/endpointcreds",
    "aws/credentials/stscreds",
    "aws/defaults",
    "aws/ec2metadata",
    "aws/endpoints",
    "aws/request",
    "aws/session",
    "aws/signer/v4",
    "internal/sdkio",
    "internal/sdkrand",
    "internal/shareddefaults",
    "private/protocol",
    "private/protocol/json/jsonutil",
    "private/protocol/jsonrpc",
    "private/protocol/query",
    "private/protocol/query/queryutil",
    "private/protocol/rest",
    "private/protocol/restjson",
    "private/protocol/restxml",
    "private/protocol/xml/xmlutil",
    "service/dynamodb",
    "service/dynamodb/dynamodbattribute",
    "service/dynamodb/dynamodbiface",
    "service/elastictranscoder",
    "service/elastictranscoder/elastictranscoderiface",
    "service/kms",
    "service/kms/kmsiface",
    "service/s3",
    "service/s3/s3iface",
    "service/ses",
    "service/ses/sesiface",
    "service/sns",
    "service/sns/snsiface",
    "service/sqs",
    "service/sqs/sqsiface",
    "service/sts"
  ]
  revision = "bb206ce0d6a50da7807694a823aed5c601c57ce0"
  version = "v1.13.23"

[[projects]]
  name = "github.com/davecgh/go-spew"
  packages = ["spew"]
  revision = "346938d642f2ec3594ed81d874461961cd0faa76"
  version = "v1.1.0"

[[projects]]
  name = "github.com/go-ini/ini"
  packages = ["."]
  revision = "6333e38ac20b8949a8dd68baa3650f4dee8f39f0"
  version = "v1.33.0"

[[projects]]
  name = "github.com/jmespath/go-jmespath"
  packages = ["."]
  revision = "0b12d6b5"

[[projects]]
  name = "github.com/pmezard/go-difflib"
  packages = ["difflib"]
  revision = "792786c7400a136282c1664665ae0a8db921c6c2"
  version = "v1.0.0"

[[projects]]
  name = "github.com/stretchr/testify"
  packages = ["assert"]
  revision = "69483b4bd14f5845b5a1e55bca19e954e827f1d0"
  version = "v1.1.4"

[[projects]]
  name = "github.com/vidsy/backoff"
  packages = ["."]
  revision = "908c7d03e582f80df6143e9b29f3ed934f6e4e9f"
  version = "3.0.0"

[[projects]]
  name = "github.com/vidsy/go-kmsconfig"
  packages = ["kmsconfig"]
  revision = "702fb50001fb17b08be0ae031ee723ced0b64ee7"
  version = "3.1.0"

[solve-meta]
  analyzer-name = "dep"
  analyzer-version = 1
  inputs-digest = "b27fcbf1ff30000823915e53f15def2c8e1afcb1e07c075ba4ed0e4b16166518"
  solver-name = "gps-cdcl"
  solver-version = 1
